// !$*UTF8*$!
{
	archiveVersion = 1;
	classes = {
	};
	objectVersion = 50;
	objects = {

/* Begin PBXBuildFile section */
		2B19DA4824F9216C00F2C918 /* AppDelegate.swift in Sources */ = {isa = PBXBuildFile; fileRef = 2B19DA4724F9216C00F2C918 /* AppDelegate.swift */; };
		2B19DA4A24F9216C00F2C918 /* SceneDelegate.swift in Sources */ = {isa = PBXBuildFile; fileRef = 2B19DA4924F9216C00F2C918 /* SceneDelegate.swift */; };
		2B19DA4C24F9216C00F2C918 /* ViewController.swift in Sources */ = {isa = PBXBuildFile; fileRef = 2B19DA4B24F9216C00F2C918 /* ViewController.swift */; };
		2B19DA4F24F9216C00F2C918 /* Main.storyboard in Resources */ = {isa = PBXBuildFile; fileRef = 2B19DA4D24F9216C00F2C918 /* Main.storyboard */; };
		2B19DA5124F9216F00F2C918 /* Assets.xcassets in Resources */ = {isa = PBXBuildFile; fileRef = 2B19DA5024F9216F00F2C918 /* Assets.xcassets */; };
		2B19DA5424F9216F00F2C918 /* LaunchScreen.storyboard in Resources */ = {isa = PBXBuildFile; fileRef = 2B19DA5224F9216F00F2C918 /* LaunchScreen.storyboard */; };
/* End PBXBuildFile section */

/* Begin PBXFileReference section */
		2B19DA4424F9216C00F2C918 /* iMsg.app */ = {isa = PBXFileReference; explicitFileType = wrapper.application; includeInIndex = 0; path = iMsg.app; sourceTree = BUILT_PRODUCTS_DIR; };
		2B19DA4724F9216C00F2C918 /* AppDelegate.swift */ = {isa = PBXFileReference; lastKnownFileType = sourcecode.swift; path = AppDelegate.swift; sourceTree = "<group>"; };
		2B19DA4924F9216C00F2C918 /* SceneDelegate.swift */ = {isa = PBXFileReference; lastKnownFileType = sourcecode.swift; path = SceneDelegate.swift; sourceTree = "<group>"; };
		2B19DA4B24F9216C00F2C918 /* ViewController.swift */ = {isa = PBXFileReference; lastKnownFileType = sourcecode.swift; path = ViewController.swift; sourceTree = "<group>"; };
		2B19DA4E24F9216C00F2C918 /* Base */ = {isa = PBXFileReference; lastKnownFileType = file.storyboard; name = Base; path = Base.lproj/Main.storyboard; sourceTree = "<group>"; };
		2B19DA5024F9216F00F2C918 /* Assets.xcassets */ = {isa = PBXFileReference; lastKnownFileType = folder.assetcatalog; path = Assets.xcassets; sourceTree = "<group>"; };
		2B19DA5324F9216F00F2C918 /* Base */ = {isa = PBXFileReference; lastKnownFileType = file.storyboard; name = Base; path = Base.lproj/LaunchScreen.storyboard; sourceTree = "<group>"; };
		2B19DA5524F9216F00F2C918 /* Info.plist */ = {isa = PBXFileReference; lastKnownFileType = text.plist.xml; path = Info.plist; sourceTree = "<group>"; };
/* End PBXFileReference section */

/* Begin PBXFrameworksBuildPhase section */
		2B19DA4124F9216C00F2C918 /* Frameworks */ = {
			isa = PBXFrameworksBuildPhase;
			buildActionMask = 2147483647;
			files = (
			);
			runOnlyForDeploymentPostprocessing = 0;
		};
/* End PBXFrameworksBuildPhase section */

/* Begin PBXGroup section */
		2B19DA3B24F9216C00F2C918 = {
			isa = PBXGroup;
			children = (
				2B19DA4624F9216C00F2C918 /* iMsg */,
				2B19DA4524F9216C00F2C918 /* Products */,
			);
			sourceTree = "<group>";
		};
		2B19DA4524F9216C00F2C918 /* Products */ = {
			isa = PBXGroup;
			children = (
				2B19DA4424F9216C00F2C918 /* iMsg.app */,
			);
			name = Products;
			sourceTree = "<group>";
		};
		2B19DA4624F9216C00F2C918 /* iMsg */ = {
			isa = PBXGroup;
			children = (
				2B19DA4724F9216C00F2C918 /* AppDelegate.swift */,
				2B19DA4924F9216C00F2C918 /* SceneDelegate.swift */,
				2B19DA4B24F9216C00F2C918 /* ViewController.swift */,
				2B19DA4D24F9216C00F2C918 /* Main.storyboard */,
				2B19DA5024F9216F00F2C918 /* Assets.xcassets */,
				2B19DA5224F9216F00F2C918 /* LaunchScreen.storyboard */,
				2B19DA5524F9216F00F2C918 /* Info.plist */,
			);
			path = iMsg;
			sourceTree = "<group>";
		};
/* End PBXGroup section */

/* Begin PBXNativeTarget section */
		2B19DA4324F9216C00F2C918 /* iMsg */ = {
			isa = PBXNativeTarget;
			buildConfigurationList = 2B19DA5824F9216F00F2C918 /* Build configuration list for PBXNativeTarget "iMsg" */;
			buildPhases = (
				2B19DA4024F9216C00F2C918 /* Sources */,
				2B19DA4124F9216C00F2C918 /* Frameworks */,
				2B19DA4224F9216C00F2C918 /* Resources */,
			);
			buildRules = (
			);
			dependencies = (
			);
			name = iMsg;
			productName = iMsg;
			productReference = 2B19DA4424F9216C00F2C918 /* iMsg.app */;
			productType = "com.apple.product-type.application";
		};
/* End PBXNativeTarget section */

/* Begin PBXProject section */
		2B19DA3C24F9216C00F2C918 /* Project object */ = {
			isa = PBXProject;
			attributes = {
				LastSwiftUpdateCheck = 1160;
				LastUpgradeCheck = 1160;
				ORGANIZATIONNAME = Info121;
				TargetAttributes = {
					2B19DA4324F9216C00F2C918 = {
						CreatedOnToolsVersion = 11.6;
					};
				};
			};
			buildConfigurationList = 2B19DA3F24F9216C00F2C918 /* Build configuration list for PBXProject "iMsg" */;
			compatibilityVersion = "Xcode 9.3";
			developmentRegion = en;
			hasScannedForEncodings = 0;
			knownRegions = (
				en,
				Base,
			);
			mainGroup = 2B19DA3B24F9216C00F2C918;
			productRefGroup = 2B19DA4524F9216C00F2C918 /* Products */;
			projectDirPath = "";
			projectRoot = "";
			targets = (
				2B19DA4324F9216C00F2C918 /* iMsg */,
			);
		};
/* End PBXProject section */

/* Begin PBXResourcesBuildPhase section */
		2B19DA4224F9216C00F2C918 /* Resources */ = {
			isa = PBXResourcesBuildPhase;
			buildActionMask = 2147483647;
			files = (
				2B19DA5424F9216F00F2C918 /* LaunchScreen.storyboard in Resources */,
				2B19DA5124F9216F00F2C918 /* Assets.xcassets in Resources */,
				2B19DA4F24F9216C00F2C918 /* Main.storyboard in Resources */,
			);
			runOnlyForDeploymentPostprocessing = 0;
		};
/* End PBXResourcesBuildPhase section */

/* Begin PBXSourcesBuildPhase section */
		2B19DA4024F9216C00F2C918 /* Sources */ = {
			isa = PBXSourcesBuildPhase;
			buildActionMask = 2147483647;
			files = (
				2B19DA4C24F9216C00F2C918 /* ViewController.swift in Sources */,
				2B19DA4824F9216C00F2C918 /* AppDelegate.swift in Sources */,
				2B19DA4A24F9216C00F2C918 /* SceneDelegate.swift in Sources */,
			);
			runOnlyForDeploymentPostprocessing = 0;
		};
/* End PBXSourcesBuildPhase section */

/* Begin PBXVariantGroup section */
		2B19DA4D24F9216C00F2C918 /* Main.storyboard */ = {
			isa = PBXVariantGroup;
			children = (
				2B19DA4E24F9216C00F2C918 /* Base */,
			);
			name = Main.storyboard;
			sourceTree = "<group>";
		};
		2B19DA5224F9216F00F2C918 /* LaunchScreen.storyboard */ = {
			isa = PBXVariantGroup;
			children = (
				2B19DA5324F9216F00F2C918 /* Base */,
			);
			name = LaunchScreen.storyboard;
			sourceTree = "<group>";
		};
/* End PBXVariantGroup section */

/* Begin XCBuildConfiguration section */
		2B19DA5624F9216F00F2C918 /* Debug */ = {
			isa = XCBuildConfiguration;
			buildSettings = {
				ALWAYS_SEARCH_USER_PATHS = NO;
				CLANG_ANALYZER_NONNULL = YES;
				CLANG_ANALYZER_NUMBER_OBJECT_CONVERSION = YES_AGGRESSIVE;
				CLANG_CXX_LANGUAGE_STANDARD = "gnu++14";
				CLANG_CXX_LIBRARY = "libc++";
				CLANG_ENABLE_MODULES = YES;
				CLANG_ENABLE_OBJC_ARC = YES;
				CLANG_ENABLE_OBJC_WEAK = YES;
				CLANG_WARN_BLOCK_CAPTURE_AUTORELEASING = YES;
				CLANG_WARN_BOOL_CONVERSION = YES;
				CLANG_WARN_COMMA = YES;
				CLANG_WARN_CONSTANT_CONVERSION = YES;
				CLANG_WARN_DEPRECATED_OBJC_IMPLEMENTATIONS = YES;
				CLANG_WARN_DIRECT_OBJC_ISA_USAGE = YES_ERROR;
				CLANG_WARN_DOCUMENTATION_COMMENTS = YES;
				CLANG_WARN_EMPTY_BODY = YES;
				CLANG_WARN_ENUM_CONVERSION = YES;
				CLANG_WARN_INFINITE_RECURSION = YES;
				CLANG_WARN_INT_CONVERSION = YES;
				CLANG_WARN_NON_LITERAL_NULL_CONVERSION = YES;
				CLANG_WARN_OBJC_IMPLICIT_RETAIN_SELF = YES;
				CLANG_WARN_OBJC_LITERAL_CONVERSION = YES;
				CLANG_WARN_OBJC_ROOT_CLASS = YES_ERROR;
				CLANG_WARN_RANGE_LOOP_ANALYSIS = YES;
				CLANG_WARN_STRICT_PROTOTYPES = YES;
				CLANG_WARN_SUSPICIOUS_MOVE = YES;
				CLANG_WARN_UNGUARDED_AVAILABILITY = YES_AGGRESSIVE;
				CLANG_WARN_UNREACHABLE_CODE = YES;
				CLANG_WARN__DUPLICATE_METHOD_MATCH = YES;
				COPY_PHASE_STRIP = NO;
				DEBUG_INFORMATION_FORMAT = dwarf;
				ENABLE_STRICT_OBJC_MSGSEND = YES;
				ENABLE_TESTABILITY = YES;
				GCC_C_LANGUAGE_STANDARD = gnu11;
				GCC_DYNAMIC_NO_PIC = NO;
				GCC_NO_COMMON_BLOCKS = YES;
				GCC_OPTIMIZATION_LEVEL = 0;
				GCC_PREPROCESSOR_DEFINITIONS = (
					"DEBUG=1",
					"$(inherited)",
				);
				GCC_WARN_64_TO_32_BIT_CONVERSION = YES;
				GCC_WARN_ABOUT_RETURN_TYPE = YES_ERROR;
				GCC_WARN_UNDECLARED_SELECTOR = YES;
				GCC_WARN_UNINITIALIZED_AUTOS = YES_AGGRESSIVE;
				GCC_WARN_UNUSED_FUNCTION = YES;
				GCC_WARN_UNUSED_VARIABLE = YES;
				IPHONEOS_DEPLOYMENT_TARGET = 13.6;
				MTL_ENABLE_DEBUG_INFO = INCLUDE_SOURCE;
				MTL_FAST_MATH = YES;
				ONLY_ACTIVE_ARCH = YES;
				SDKROOT = iphoneos;
				SWIFT_ACTIVE_COMPILATION_CONDITIONS = DEBUG;
				SWIFT_OPTIMIZATION_LEVEL = "-Onone";
			};
			name = Debug;
		};
		2B19DA5724F9216F00F2C918 /* Release */ = {
			isa = XCBuildConfiguration;
			buildSettings = {
				ALWAYS_SEARCH_USER_PATHS = NO;
				CLANG_ANALYZER_NONNULL = YES;
				CLANG_ANALYZER_NUMBER_OBJECT_CONVERSION = YES_AGGRESSIVE;
				CLANG_CXX_LANGUAGE_STANDARD = "gnu++14";
				CLANG_CXX_LIBRARY = "libc++";
				CLANG_ENABLE_MODULES = YES;
				CLANG_ENABLE_OBJC_ARC = YES;
				CLANG_ENABLE_OBJC_WEAK = YES;
				CLANG_WARN_BLOCK_CAPTURE_AUTORELEASING = YES;
				CLANG_WARN_BOOL_CONVERSION = YES;
				CLANG_WARN_COMMA = YES;
				CLANG_WARN_CONSTANT_CONVERSION = YES;
				CLANG_WARN_DEPRECATED_OBJC_IMPLEMENTATIONS = YES;
				CLANG_WARN_DIRECT_OBJC_ISA_USAGE = YES_ERROR;
				CLANG_WARN_DOCUMENTATION_COMMENTS = YES;
				CLANG_WARN_EMPTY_BODY = YES;
				CLANG_WARN_ENUM_CONVERSION = YES;
				CLANG_WARN_INFINITE_RECURSION = YES;
				CLANG_WARN_INT_CONVERSION = YES;
				CLANG_WARN_NON_LITERAL_NULL_CONVERSION = YES;
				CLANG_WARN_OBJC_IMPLICIT_RETAIN_SELF = YES;
				CLANG_WARN_OBJC_LITERAL_CONVERSION = YES;
				CLANG_WARN_OBJC_ROOT_CLASS = YES_ERROR;
				CLANG_WARN_RANGE_LOOP_ANALYSIS = YES;
				CLANG_WARN_STRICT_PROTOTYPES = YES;
				CLANG_WARN_SUSPICIOUS_MOVE = YES;
				CLANG_WARN_UNGUARDED_AVAILABILITY = YES_AGGRESSIVE;
				CLANG_WARN_UNREACHABLE_CODE = YES;
				CLANG_WARN__DUPLICATE_METHOD_MATCH = YES;
				COPY_PHASE_STRIP = NO;
				DEBUG_INFORMATION_FORMAT = "dwarf-with-dsym";
				ENABLE_NS_ASSERTIONS = NO;
				ENABLE_STRICT_OBJC_MSGSEND = YES;
				GCC_C_LANGUAGE_STANDARD = gnu11;
				GCC_NO_COMMON_BLOCKS = YES;
				GCC_WARN_64_TO_32_BIT_CONVERSION = YES;
				GCC_WARN_ABOUT_RETURN_TYPE = YES_ERROR;
				GCC_WARN_UNDECLARED_SELECTOR = YES;
				GCC_WARN_UNINITIALIZED_AUTOS = YES_AGGRESSIVE;
				GCC_WARN_UNUSED_FUNCTION = YES;
				GCC_WARN_UNUSED_VARIABLE = YES;
				IPHONEOS_DEPLOYMENT_TARGET = 13.6;
				MTL_ENABLE_DEBUG_INFO = NO;
				MTL_FAST_MATH = YES;
				SDKROOT = iphoneos;
				SWIFT_COMPILATION_MODE = wholemodule;
				SWIFT_OPTIMIZATION_LEVEL = "-O";
				VALIDATE_PRODUCT = YES;
			};
			name = Release;
		};
		2B19DA5924F9216F00F2C918 /* Debug */ = {
			isa = XCBuildConfiguration;
			buildSettings = {
				ASSETCATALOG_COMPILER_APPICON_NAME = AppIcon;
				CODE_SIGN_STYLE = Automatic;
				DEVELOPMENT_TEAM = X32A6FCDS6;
				INFOPLIST_FILE = iMsg/Info.plist;
				LD_RUNPATH_SEARCH_PATHS = (
					"$(inherited)",
					"@executable_path/Frameworks",
				);
				PRODUCT_BUNDLE_IDENTIFIER = com.info121.iMsg;
				PRODUCT_NAME = "$(TARGET_NAME)";
				SWIFT_VERSION = 5.0;
				TARGETED_DEVICE_FAMILY = "1,2";
			};
			name = Debug;
		};
		2B19DA5A24F9216F00F2C918 /* Release */ = {
			isa = XCBuildConfiguration;
			buildSettings = {
				ASSETCATALOG_COMPILER_APPICON_NAME = AppIcon;
				CODE_SIGN_STYLE = Automatic;
				DEVELOPMENT_TEAM = X32A6FCDS6;
				INFOPLIST_FILE = iMsg/Info.plist;
				LD_RUNPATH_SEARCH_PATHS = (
					"$(inherited)",
					"@executable_path/Frameworks",
				);
				PRODUCT_BUNDLE_IDENTIFIER = com.info121.iMsg;
				PRODUCT_NAME = "$(TARGET_NAME)";
				SWIFT_VERSION = 5.0;
				TARGETED_DEVICE_FAMILY = "1,2";
			};
			name = Release;
		};
/* End XCBuildConfiguration section */

/* Begin XCConfigurationList section */
		2B19DA3F24F9216C00F2C918 /* Build configuration list for PBXProject "iMsg" */ = {
			isa = XCConfigurationList;
			buildConfigurations = (
				2B19DA5624F9216F00F2C918 /* Debug */,
				2B19DA5724F9216F00F2C918 /* Release */,
			);
			defaultConfigurationIsVisible = 0;
			defaultConfigurationName = Release;
		};
		2B19DA5824F9216F00F2C918 /* Build configuration list for PBXNativeTarget "iMsg" */ = {
			isa = XCConfigurationList;
			buildConfigurations = (
				2B19DA5924F9216F00F2C918 /* Debug */,
				2B19DA5A24F9216F00F2C918 /* Release */,
			);
			defaultConfigurationIsVisible = 0;
			defaultConfigurationName = Release;
		};
/* End XCConfigurationList section */
	};
	rootObject = 2B19DA3C24F9216C00F2C918 /* Project object */;
}
